// !$*UTF8*$!
{
	archiveVersion = 1;
	classes = {
	};
	objectVersion = 48;
	objects = {

/* Begin PBXBuildFile section */
		FE20B1DD1F96550D00EAFDFB /* AppDelegate.swift in Sources */ = {isa = PBXBuildFile; fileRef = FE20B1DC1F96550D00EAFDFB /* AppDelegate.swift */; };
		FE20B1DF1F96550D00EAFDFB /* ViewController.swift in Sources */ = {isa = PBXBuildFile; fileRef = FE20B1DE1F96550D00EAFDFB /* ViewController.swift */; };
		FE20B1E21F96550D00EAFDFB /* Main.storyboard in Resources */ = {isa = PBXBuildFile; fileRef = FE20B1E01F96550D00EAFDFB /* Main.storyboard */; };
		FE20B1E41F96550D00EAFDFB /* Assets.xcassets in Resources */ = {isa = PBXBuildFile; fileRef = FE20B1E31F96550D00EAFDFB /* Assets.xcassets */; };
		FE20B1E71F96550D00EAFDFB /* LaunchScreen.storyboard in Resources */ = {isa = PBXBuildFile; fileRef = FE20B1E51F96550D00EAFDFB /* LaunchScreen.storyboard */; };
		FE20B1FB1F9665E200EAFDFB /* BoxContentSDK.framework in Frameworks */ = {isa = PBXBuildFile; fileRef = FE20B1FA1F9665E100EAFDFB /* BoxContentSDK.framework */; };
		FE5A44031F9F986F00C26FA6 /* Disk.framework in Frameworks */ = {isa = PBXBuildFile; fileRef = FE5A44021F9F986F00C26FA6 /* Disk.framework */; };
/* End PBXBuildFile section */

/* Begin PBXFileReference section */
		FE20B1D91F96550D00EAFDFB /* boxApp.app */ = {isa = PBXFileReference; explicitFileType = wrapper.application; includeInIndex = 0; path = boxApp.app; sourceTree = BUILT_PRODUCTS_DIR; };
		FE20B1DC1F96550D00EAFDFB /* AppDelegate.swift */ = {isa = PBXFileReference; lastKnownFileType = sourcecode.swift; path = AppDelegate.swift; sourceTree = "<group>"; };
		FE20B1DE1F96550D00EAFDFB /* ViewController.swift */ = {isa = PBXFileReference; lastKnownFileType = sourcecode.swift; path = ViewController.swift; sourceTree = "<group>"; };
		FE20B1E11F96550D00EAFDFB /* Base */ = {isa = PBXFileReference; lastKnownFileType = file.storyboard; name = Base; path = Base.lproj/Main.storyboard; sourceTree = "<group>"; };
		FE20B1E31F96550D00EAFDFB /* Assets.xcassets */ = {isa = PBXFileReference; lastKnownFileType = folder.assetcatalog; path = Assets.xcassets; sourceTree = "<group>"; };
		FE20B1E61F96550D00EAFDFB /* Base */ = {isa = PBXFileReference; lastKnownFileType = file.storyboard; name = Base; path = Base.lproj/LaunchScreen.storyboard; sourceTree = "<group>"; };
		FE20B1E81F96550D00EAFDFB /* Info.plist */ = {isa = PBXFileReference; lastKnownFileType = text.plist.xml; path = Info.plist; sourceTree = "<group>"; };
		FE20B1FA1F9665E100EAFDFB /* BoxContentSDK.framework */ = {isa = PBXFileReference; lastKnownFileType = wrapper.framework; name = BoxContentSDK.framework; path = Carthage/Build/iOS/BoxContentSDK.framework; sourceTree = "<group>"; };
		FE5A44021F9F986F00C26FA6 /* Disk.framework */ = {isa = PBXFileReference; lastKnownFileType = wrapper.framework; name = Disk.framework; path = Carthage/Build/iOS/Disk.framework; sourceTree = "<group>"; };
/* End PBXFileReference section */

/* Begin PBXFrameworksBuildPhase section */
		FE20B1D61F96550D00EAFDFB /* Frameworks */ = {
			isa = PBXFrameworksBuildPhase;
			buildActionMask = 2147483647;
			files = (
				FE20B1FB1F9665E200EAFDFB /* BoxContentSDK.framework in Frameworks */,
				FE5A44031F9F986F00C26FA6 /* Disk.framework in Frameworks */,
			);
			runOnlyForDeploymentPostprocessing = 0;
		};
/* End PBXFrameworksBuildPhase section */

/* Begin PBXGroup section */
		FE20B1D01F96550D00EAFDFB = {
			isa = PBXGroup;
			children = (
				FE20B1DB1F96550D00EAFDFB /* boxApp */,
				FE20B1DA1F96550D00EAFDFB /* Products */,
				FE20B1F51F96616300EAFDFB /* Frameworks */,
			);
			sourceTree = "<group>";
		};
		FE20B1DA1F96550D00EAFDFB /* Products */ = {
			isa = PBXGroup;
			children = (
				FE20B1D91F96550D00EAFDFB /* boxApp.app */,
			);
			name = Products;
			sourceTree = "<group>";
		};
		FE20B1DB1F96550D00EAFDFB /* boxApp */ = {
			isa = PBXGroup;
			children = (
				FE20B1DC1F96550D00EAFDFB /* AppDelegate.swift */,
				FE20B1DE1F96550D00EAFDFB /* ViewController.swift */,
				FE20B1E01F96550D00EAFDFB /* Main.storyboard */,
				FE20B1E31F96550D00EAFDFB /* Assets.xcassets */,
				FE20B1E51F96550D00EAFDFB /* LaunchScreen.storyboard */,
				FE20B1E81F96550D00EAFDFB /* Info.plist */,
			);
			path = boxApp;
			sourceTree = "<group>";
		};
		FE20B1F51F96616300EAFDFB /* Frameworks */ = {
			isa = PBXGroup;
			children = (
				FE5A44021F9F986F00C26FA6 /* Disk.framework */,
				FE20B1FA1F9665E100EAFDFB /* BoxContentSDK.framework */,
			);
			name = Frameworks;
			sourceTree = "<group>";
		};
/* End PBXGroup section */

/* Begin PBXNativeTarget section */
		FE20B1D81F96550D00EAFDFB /* boxApp */ = {
			isa = PBXNativeTarget;
			buildConfigurationList = FE20B1EB1F96550D00EAFDFB /* Build configuration list for PBXNativeTarget "boxApp" */;
			buildPhases = (
				FE20B1D51F96550D00EAFDFB /* Sources */,
				FE20B1D61F96550D00EAFDFB /* Frameworks */,
				FE20B1D71F96550D00EAFDFB /* Resources */,
				FE20B1F91F9661B100EAFDFB /* ShellScript */,
			);
			buildRules = (
			);
			dependencies = (
			);
			name = boxApp;
			productName = boxApp;
			productReference = FE20B1D91F96550D00EAFDFB /* boxApp.app */;
			productType = "com.apple.product-type.application";
		};
/* End PBXNativeTarget section */

/* Begin PBXProject section */
		FE20B1D11F96550D00EAFDFB /* Project object */ = {
			isa = PBXProject;
			attributes = {
				LastSwiftUpdateCheck = 0900;
				LastUpgradeCheck = 0900;
				ORGANIZATIONNAME = feodor;
				TargetAttributes = {
					FE20B1D81F96550D00EAFDFB = {
						CreatedOnToolsVersion = 9.0;
						ProvisioningStyle = Automatic;
					};
				};
			};
			buildConfigurationList = FE20B1D41F96550D00EAFDFB /* Build configuration list for PBXProject "boxApp" */;
			compatibilityVersion = "Xcode 8.0";
			developmentRegion = en;
			hasScannedForEncodings = 0;
			knownRegions = (
				en,
				Base,
			);
			mainGroup = FE20B1D01F96550D00EAFDFB;
			productRefGroup = FE20B1DA1F96550D00EAFDFB /* Products */;
			projectDirPath = "";
			projectRoot = "";
			targets = (
				FE20B1D81F96550D00EAFDFB /* boxApp */,
			);
		};
/* End PBXProject section */

/* Begin PBXResourcesBuildPhase section */
		FE20B1D71F96550D00EAFDFB /* Resources */ = {
			isa = PBXResourcesBuildPhase;
			buildActionMask = 2147483647;
			files = (
				FE20B1E71F96550D00EAFDFB /* LaunchScreen.storyboard in Resources */,
				FE20B1E41F96550D00EAFDFB /* Assets.xcassets in Resources */,
				FE20B1E21F96550D00EAFDFB /* Main.storyboard in Resources */,
			);
			runOnlyForDeploymentPostprocessing = 0;
		};
/* End PBXResourcesBuildPhase section */

/* Begin PBXShellScriptBuildPhase section */
		FE20B1F91F9661B100EAFDFB /* ShellScript */ = {
			isa = PBXShellScriptBuildPhase;
			buildActionMask = 2147483647;
			files = (
			);
			inputPaths = (
				"$(SRCROOT)/Carthage/Build/iOS/BoxContentSDK.framework",
				"$(SRCROOT)/Carthage/Build/iOS/Disk.framework",
			);
			outputPaths = (
				"$(BUILT_PRODUCTS_DIR)/$(FRAMEWORKS_FOLDER_PATH)/BoxContentSDK.framework",
				"$(BUILT_PRODUCTS_DIR)/$(FRAMEWORKS_FOLDER_PATH)/Disk.framework",
			);
			runOnlyForDeploymentPostprocessing = 0;
			shellPath = /bin/sh;
			shellScript = "/usr/local/bin/carthage copy-frameworks";
		};
/* End PBXShellScriptBuildPhase section */

/* Begin PBXSourcesBuildPhase section */
		FE20B1D51F96550D00EAFDFB /* Sources */ = {
			isa = PBXSourcesBuildPhase;
			buildActionMask = 2147483647;
			files = (
				FE20B1DF1F96550D00EAFDFB /* ViewController.swift in Sources */,
				FE20B1DD1F96550D00EAFDFB /* AppDelegate.swift in Sources */,
			);
			runOnlyForDeploymentPostprocessing = 0;
		};
/* End PBXSourcesBuildPhase section */

/* Begin PBXVariantGroup section */
		FE20B1E01F96550D00EAFDFB /* Main.storyboard */ = {
			isa = PBXVariantGroup;
			children = (
				FE20B1E11F96550D00EAFDFB /* Base */,
			);
			name = Main.storyboard;
			sourceTree = "<group>";
		};
		FE20B1E51F96550D00EAFDFB /* LaunchScreen.storyboard */ = {
			isa = PBXVariantGroup;
			children = (
				FE20B1E61F96550D00EAFDFB /* Base */,
			);
			name = LaunchScreen.storyboard;
			sourceTree = "<group>";
		};
/* End PBXVariantGroup section */

/* Begin XCBuildConfiguration section */
		FE20B1E91F96550D00EAFDFB /* Debug */ = {
			isa = XCBuildConfiguration;
			buildSettings = {
				ALWAYS_SEARCH_USER_PATHS = NO;
				CLANG_ANALYZER_NONNULL = YES;
				CLANG_ANALYZER_NUMBER_OBJECT_CONVERSION = YES_AGGRESSIVE;
				CLANG_CXX_LANGUAGE_STANDARD = "gnu++14";
				CLANG_CXX_LIBRARY = "libc++";
				CLANG_ENABLE_MODULES = YES;
				CLANG_ENABLE_OBJC_ARC = YES;
				CLANG_WARN_BLOCK_CAPTURE_AUTORELEASING = YES;
				CLANG_WARN_BOOL_CONVERSION = YES;
				CLANG_WARN_COMMA = YES;
				CLANG_WARN_CONSTANT_CONVERSION = YES;
				CLANG_WARN_DIRECT_OBJC_ISA_USAGE = YES_ERROR;
				CLANG_WARN_DOCUMENTATION_COMMENTS = YES;
				CLANG_WARN_EMPTY_BODY = YES;
				CLANG_WARN_ENUM_CONVERSION = YES;
				CLANG_WARN_INFINITE_RECURSION = YES;
				CLANG_WARN_INT_CONVERSION = YES;
				CLANG_WARN_NON_LITERAL_NULL_CONVERSION = YES;
				CLANG_WARN_OBJC_LITERAL_CONVERSION = YES;
				CLANG_WARN_OBJC_ROOT_CLASS = YES_ERROR;
				CLANG_WARN_RANGE_LOOP_ANALYSIS = YES;
				CLANG_WARN_STRICT_PROTOTYPES = YES;
				CLANG_WARN_SUSPICIOUS_MOVE = YES;
				CLANG_WARN_UNGUARDED_AVAILABILITY = YES_AGGRESSIVE;
				CLANG_WARN_UNREACHABLE_CODE = YES;
				CLANG_WARN__DUPLICATE_METHOD_MATCH = YES;
				CODE_SIGN_IDENTITY = "iPhone Developer";
				COPY_PHASE_STRIP = NO;
				DEBUG_INFORMATION_FORMAT = dwarf;
				ENABLE_STRICT_OBJC_MSGSEND = YES;
				ENABLE_TESTABILITY = YES;
				GCC_C_LANGUAGE_STANDARD = gnu11;
				GCC_DYNAMIC_NO_PIC = NO;
				GCC_NO_COMMON_BLOCKS = YES;
				GCC_OPTIMIZATION_LEVEL = 0;
				GCC_PREPROCESSOR_DEFINITIONS = (
					"DEBUG=1",
					"$(inherited)",
				);
				GCC_WARN_64_TO_32_BIT_CONVERSION = YES;
				GCC_WARN_ABOUT_RETURN_TYPE = YES_ERROR;
				GCC_WARN_UNDECLARED_SELECTOR = YES;
				GCC_WARN_UNINITIALIZED_AUTOS = YES_AGGRESSIVE;
				GCC_WARN_UNUSED_FUNCTION = YES;
				GCC_WARN_UNUSED_VARIABLE = YES;
				IPHONEOS_DEPLOYMENT_TARGET = 11.0;
				MTL_ENABLE_DEBUG_INFO = YES;
				ONLY_ACTIVE_ARCH = YES;
				SDKROOT = iphoneos;
				SWIFT_ACTIVE_COMPILATION_CONDITIONS = DEBUG;
				SWIFT_OPTIMIZATION_LEVEL = "-Onone";
			};
			name = Debug;
		};
		FE20B1EA1F96550D00EAFDFB /* Release */ = {
			isa = XCBuildConfiguration;
			buildSettings = {
				ALWAYS_SEARCH_USER_PATHS = NO;
				CLANG_ANALYZER_NONNULL = YES;
				CLANG_ANALYZER_NUMBER_OBJECT_CONVERSION = YES_AGGRESSIVE;
				CLANG_CXX_LANGUAGE_STANDARD = "gnu++14";
				CLANG_CXX_LIBRARY = "libc++";
				CLANG_ENABLE_MODULES = YES;
				CLANG_ENABLE_OBJC_ARC = YES;
				CLANG_WARN_BLOCK_CAPTURE_AUTORELEASING = YES;
				CLANG_WARN_BOOL_CONVERSION = YES;
				CLANG_WARN_COMMA = YES;
				CLANG_WARN_CONSTANT_CONVERSION = YES;
				CLANG_WARN_DIRECT_OBJC_ISA_USAGE = YES_ERROR;
				CLANG_WARN_DOCUMENTATION_COMMENTS = YES;
				CLANG_WARN_EMPTY_BODY = YES;
				CLANG_WARN_ENUM_CONVERSION = YES;
				CLANG_WARN_INFINITE_RECURSION = YES;
				CLANG_WARN_INT_CONVERSION = YES;
				CLANG_WARN_NON_LITERAL_NULL_CONVERSION = YES;
				CLANG_WARN_OBJC_LITERAL_CONVERSION = YES;
				CLANG_WARN_OBJC_ROOT_CLASS = YES_ERROR;
				CLANG_WARN_RANGE_LOOP_ANALYSIS = YES;
				CLANG_WARN_STRICT_PROTOTYPES = YES;
				CLANG_WARN_SUSPICIOUS_MOVE = YES;
				CLANG_WARN_UNGUARDED_AVAILABILITY = YES_AGGRESSIVE;
				CLANG_WARN_UNREACHABLE_CODE = YES;
				CLANG_WARN__DUPLICATE_METHOD_MATCH = YES;
				CODE_SIGN_IDENTITY = "iPhone Developer";
				COPY_PHASE_STRIP = NO;
				DEBUG_INFORMATION_FORMAT = "dwarf-with-dsym";
				ENABLE_NS_ASSERTIONS = NO;
				ENABLE_STRICT_OBJC_MSGSEND = YES;
				GCC_C_LANGUAGE_STANDARD = gnu11;
				GCC_NO_COMMON_BLOCKS = YES;
				GCC_WARN_64_TO_32_BIT_CONVERSION = YES;
				GCC_WARN_ABOUT_RETURN_TYPE = YES_ERROR;
				GCC_WARN_UNDECLARED_SELECTOR = YES;
				GCC_WARN_UNINITIALIZED_AUTOS = YES_AGGRESSIVE;
				GCC_WARN_UNUSED_FUNCTION = YES;
				GCC_WARN_UNUSED_VARIABLE = YES;
				IPHONEOS_DEPLOYMENT_TARGET = 11.0;
				MTL_ENABLE_DEBUG_INFO = NO;
				SDKROOT = iphoneos;
				SWIFT_OPTIMIZATION_LEVEL = "-Owholemodule";
				VALIDATE_PRODUCT = YES;
			};
			name = Release;
		};
		FE20B1EC1F96550D00EAFDFB /* Debug */ = {
			isa = XCBuildConfiguration;
			buildSettings = {
				ASSETCATALOG_COMPILER_APPICON_NAME = AppIcon;
				CODE_SIGN_STYLE = Automatic;
				FRAMEWORK_SEARCH_PATHS = (
					"$(inherited)",
					"$(PROJECT_DIR)/boxApp/Carthage/Build/iOS",
					"$(PROJECT_DIR)/Carthage/Build/iOS",
				);
				INFOPLIST_FILE = boxApp/Info.plist;
				LD_RUNPATH_SEARCH_PATHS = "$(inherited) @executable_path/Frameworks";
				PRODUCT_BUNDLE_IDENTIFIER = com.feodor.boxApp;
				PRODUCT_NAME = "$(TARGET_NAME)";
				SWIFT_VERSION = 4.0;
				TARGETED_DEVICE_FAMILY = 1;
			};
			name = Debug;
		};
		FE20B1ED1F96550D00EAFDFB /* Release */ = {
			isa = XCBuildConfiguration;
			buildSettings = {
				ASSETCATALOG_COMPILER_APPICON_NAME = AppIcon;
				CODE_SIGN_STYLE = Automatic;
				FRAMEWORK_SEARCH_PATHS = (
					"$(inherited)",
					"$(PROJECT_DIR)/boxApp/Carthage/Build/iOS",
					"$(PROJECT_DIR)/Carthage/Build/iOS",
				);
				INFOPLIST_FILE = boxApp/Info.plist;
				LD_RUNPATH_SEARCH_PATHS = "$(inherited) @executable_path/Frameworks";
				PRODUCT_BUNDLE_IDENTIFIER = com.feodor.boxApp;
				PRODUCT_NAME = "$(TARGET_NAME)";
				SWIFT_VERSION = 4.0;
				TARGETED_DEVICE_FAMILY = 1;
			};
			name = Release;
		};
/* End XCBuildConfiguration section */

/* Begin XCConfigurationList section */
		FE20B1D41F96550D00EAFDFB /* Build configuration list for PBXProject "boxApp" */ = {
			isa = XCConfigurationList;
			buildConfigurations = (
				FE20B1E91F96550D00EAFDFB /* Debug */,
				FE20B1EA1F96550D00EAFDFB /* Release */,
			);
			defaultConfigurationIsVisible = 0;
			defaultConfigurationName = Release;
		};
		FE20B1EB1F96550D00EAFDFB /* Build configuration list for PBXNativeTarget "boxApp" */ = {
			isa = XCConfigurationList;
			buildConfigurations = (
				FE20B1EC1F96550D00EAFDFB /* Debug */,
				FE20B1ED1F96550D00EAFDFB /* Release */,
			);
			defaultConfigurationIsVisible = 0;
			defaultConfigurationName = Release;
		};
/* End XCConfigurationList section */
	};
	rootObject = FE20B1D11F96550D00EAFDFB /* Project object */;
}
